// !$*UTF8*$!
{
	archiveVersion = 1;
	classes = {
	};
	objectVersion = 56;
	objects = {

/* Begin PBXBuildFile section */
		7155881429AC544A00282A96 /* FindPhoneApp.swift in Sources */ = {isa = PBXBuildFile; fileRef = 7155881329AC544A00282A96 /* FindPhoneApp.swift */; };
		7155881629AC544A00282A96 /* ContentView.swift in Sources */ = {isa = PBXBuildFile; fileRef = 7155881529AC544A00282A96 /* ContentView.swift */; };
		7155881829AC544E00282A96 /* Assets.xcassets in Resources */ = {isa = PBXBuildFile; fileRef = 7155881729AC544E00282A96 /* Assets.xcassets */; };
		7155881B29AC544E00282A96 /* Preview Assets.xcassets in Resources */ = {isa = PBXBuildFile; fileRef = 7155881A29AC544E00282A96 /* Preview Assets.xcassets */; };
		7155882629AC544F00282A96 /* FindPhoneTests.swift in Sources */ = {isa = PBXBuildFile; fileRef = 7155882529AC544F00282A96 /* FindPhoneTests.swift */; };
		7155883029AC544F00282A96 /* FindPhoneUITests.swift in Sources */ = {isa = PBXBuildFile; fileRef = 7155882F29AC544F00282A96 /* FindPhoneUITests.swift */; };
		7155883229AC544F00282A96 /* FindPhoneUITestsLaunchTests.swift in Sources */ = {isa = PBXBuildFile; fileRef = 7155883129AC544F00282A96 /* FindPhoneUITestsLaunchTests.swift */; };
/* End PBXBuildFile section */

/* Begin PBXContainerItemProxy section */
		7155882229AC544E00282A96 /* PBXContainerItemProxy */ = {
			isa = PBXContainerItemProxy;
			containerPortal = 7155880829AC544A00282A96 /* Project object */;
			proxyType = 1;
			remoteGlobalIDString = 7155880F29AC544A00282A96;
			remoteInfo = FindPhone;
		};
		7155882C29AC544F00282A96 /* PBXContainerItemProxy */ = {
			isa = PBXContainerItemProxy;
			containerPortal = 7155880829AC544A00282A96 /* Project object */;
			proxyType = 1;
			remoteGlobalIDString = 7155880F29AC544A00282A96;
			remoteInfo = FindPhone;
		};
/* End PBXContainerItemProxy section */

/* Begin PBXFileReference section */
		7155881029AC544A00282A96 /* FindPhone.app */ = {isa = PBXFileReference; explicitFileType = wrapper.application; includeInIndex = 0; path = FindPhone.app; sourceTree = BUILT_PRODUCTS_DIR; };
		7155881329AC544A00282A96 /* FindPhoneApp.swift */ = {isa = PBXFileReference; lastKnownFileType = sourcecode.swift; path = FindPhoneApp.swift; sourceTree = "<group>"; };
		7155881529AC544A00282A96 /* ContentView.swift */ = {isa = PBXFileReference; lastKnownFileType = sourcecode.swift; path = ContentView.swift; sourceTree = "<group>"; };
		7155881729AC544E00282A96 /* Assets.xcassets */ = {isa = PBXFileReference; lastKnownFileType = folder.assetcatalog; path = Assets.xcassets; sourceTree = "<group>"; };
		7155881A29AC544E00282A96 /* Preview Assets.xcassets */ = {isa = PBXFileReference; lastKnownFileType = folder.assetcatalog; path = "Preview Assets.xcassets"; sourceTree = "<group>"; };
		7155881C29AC544E00282A96 /* FindPhone.entitlements */ = {isa = PBXFileReference; lastKnownFileType = text.plist.entitlements; path = FindPhone.entitlements; sourceTree = "<group>"; };
		7155882129AC544E00282A96 /* FindPhoneTests.xctest */ = {isa = PBXFileReference; explicitFileType = wrapper.cfbundle; includeInIndex = 0; path = FindPhoneTests.xctest; sourceTree = BUILT_PRODUCTS_DIR; };
		7155882529AC544F00282A96 /* FindPhoneTests.swift */ = {isa = PBXFileReference; lastKnownFileType = sourcecode.swift; path = FindPhoneTests.swift; sourceTree = "<group>"; };
		7155882B29AC544F00282A96 /* FindPhoneUITests.xctest */ = {isa = PBXFileReference; explicitFileType = wrapper.cfbundle; includeInIndex = 0; path = FindPhoneUITests.xctest; sourceTree = BUILT_PRODUCTS_DIR; };
		7155882F29AC544F00282A96 /* FindPhoneUITests.swift */ = {isa = PBXFileReference; lastKnownFileType = sourcecode.swift; path = FindPhoneUITests.swift; sourceTree = "<group>"; };
		7155883129AC544F00282A96 /* FindPhoneUITestsLaunchTests.swift */ = {isa = PBXFileReference; lastKnownFileType = sourcecode.swift; path = FindPhoneUITestsLaunchTests.swift; sourceTree = "<group>"; };
/* End PBXFileReference section */

/* Begin PBXFrameworksBuildPhase section */
		7155880D29AC544A00282A96 /* Frameworks */ = {
			isa = PBXFrameworksBuildPhase;
			buildActionMask = 2147483647;
			files = (
			);
			runOnlyForDeploymentPostprocessing = 0;
		};
		7155881E29AC544E00282A96 /* Frameworks */ = {
			isa = PBXFrameworksBuildPhase;
			buildActionMask = 2147483647;
			files = (
			);
			runOnlyForDeploymentPostprocessing = 0;
		};
		7155882829AC544F00282A96 /* Frameworks */ = {
			isa = PBXFrameworksBuildPhase;
			buildActionMask = 2147483647;
			files = (
			);
			runOnlyForDeploymentPostprocessing = 0;
		};
/* End PBXFrameworksBuildPhase section */

/* Begin PBXGroup section */
		7155880729AC544A00282A96 = {
			isa = PBXGroup;
			children = (
				7155881229AC544A00282A96 /* FindPhone */,
				7155882429AC544F00282A96 /* FindPhoneTests */,
				7155882E29AC544F00282A96 /* FindPhoneUITests */,
				7155881129AC544A00282A96 /* Products */,
			);
			sourceTree = "<group>";
		};
		7155881129AC544A00282A96 /* Products */ = {
			isa = PBXGroup;
			children = (
				7155881029AC544A00282A96 /* FindPhone.app */,
				7155882129AC544E00282A96 /* FindPhoneTests.xctest */,
				7155882B29AC544F00282A96 /* FindPhoneUITests.xctest */,
			);
			name = Products;
			sourceTree = "<group>";
		};
		7155881229AC544A00282A96 /* FindPhone */ = {
			isa = PBXGroup;
			children = (
				7155881329AC544A00282A96 /* FindPhoneApp.swift */,
				7155881529AC544A00282A96 /* ContentView.swift */,
				7155881729AC544E00282A96 /* Assets.xcassets */,
				7155881C29AC544E00282A96 /* FindPhone.entitlements */,
				7155881929AC544E00282A96 /* Preview Content */,
			);
			path = FindPhone;
			sourceTree = "<group>";
		};
		7155881929AC544E00282A96 /* Preview Content */ = {
			isa = PBXGroup;
			children = (
				7155881A29AC544E00282A96 /* Preview Assets.xcassets */,
			);
			path = "Preview Content";
			sourceTree = "<group>";
		};
		7155882429AC544F00282A96 /* FindPhoneTests */ = {
			isa = PBXGroup;
			children = (
				7155882529AC544F00282A96 /* FindPhoneTests.swift */,
			);
			path = FindPhoneTests;
			sourceTree = "<group>";
		};
		7155882E29AC544F00282A96 /* FindPhoneUITests */ = {
			isa = PBXGroup;
			children = (
				7155882F29AC544F00282A96 /* FindPhoneUITests.swift */,
				7155883129AC544F00282A96 /* FindPhoneUITestsLaunchTests.swift */,
			);
			path = FindPhoneUITests;
			sourceTree = "<group>";
		};
/* End PBXGroup section */

/* Begin PBXNativeTarget section */
		7155880F29AC544A00282A96 /* FindPhone */ = {
			isa = PBXNativeTarget;
			buildConfigurationList = 7155883529AC544F00282A96 /* Build configuration list for PBXNativeTarget "FindPhone" */;
			buildPhases = (
				7155880C29AC544A00282A96 /* Sources */,
				7155880D29AC544A00282A96 /* Frameworks */,
				7155880E29AC544A00282A96 /* Resources */,
			);
			buildRules = (
			);
			dependencies = (
			);
			name = FindPhone;
			productName = FindPhone;
			productReference = 7155881029AC544A00282A96 /* FindPhone.app */;
			productType = "com.apple.product-type.application";
		};
		7155882029AC544E00282A96 /* FindPhoneTests */ = {
			isa = PBXNativeTarget;
			buildConfigurationList = 7155883829AC544F00282A96 /* Build configuration list for PBXNativeTarget "FindPhoneTests" */;
			buildPhases = (
				7155881D29AC544E00282A96 /* Sources */,
				7155881E29AC544E00282A96 /* Frameworks */,
				7155881F29AC544E00282A96 /* Resources */,
			);
			buildRules = (
			);
			dependencies = (
				7155882329AC544E00282A96 /* PBXTargetDependency */,
			);
			name = FindPhoneTests;
			productName = FindPhoneTests;
			productReference = 7155882129AC544E00282A96 /* FindPhoneTests.xctest */;
			productType = "com.apple.product-type.bundle.unit-test";
		};
		7155882A29AC544F00282A96 /* FindPhoneUITests */ = {
			isa = PBXNativeTarget;
			buildConfigurationList = 7155883B29AC544F00282A96 /* Build configuration list for PBXNativeTarget "FindPhoneUITests" */;
			buildPhases = (
				7155882729AC544F00282A96 /* Sources */,
				7155882829AC544F00282A96 /* Frameworks */,
				7155882929AC544F00282A96 /* Resources */,
			);
			buildRules = (
			);
			dependencies = (
				7155882D29AC544F00282A96 /* PBXTargetDependency */,
			);
			name = FindPhoneUITests;
			productName = FindPhoneUITests;
			productReference = 7155882B29AC544F00282A96 /* FindPhoneUITests.xctest */;
			productType = "com.apple.product-type.bundle.ui-testing";
		};
/* End PBXNativeTarget section */

/* Begin PBXProject section */
		7155880829AC544A00282A96 /* Project object */ = {
			isa = PBXProject;
			attributes = {
				BuildIndependentTargetsInParallel = 1;
				LastSwiftUpdateCheck = 1420;
				LastUpgradeCheck = 1420;
				TargetAttributes = {
					7155880F29AC544A00282A96 = {
						CreatedOnToolsVersion = 14.2;
					};
					7155882029AC544E00282A96 = {
						CreatedOnToolsVersion = 14.2;
						TestTargetID = 7155880F29AC544A00282A96;
					};
					7155882A29AC544F00282A96 = {
						CreatedOnToolsVersion = 14.2;
						TestTargetID = 7155880F29AC544A00282A96;
					};
				};
			};
			buildConfigurationList = 7155880B29AC544A00282A96 /* Build configuration list for PBXProject "FindPhone" */;
			compatibilityVersion = "Xcode 14.0";
			developmentRegion = en;
			hasScannedForEncodings = 0;
			knownRegions = (
				en,
				Base,
			);
			mainGroup = 7155880729AC544A00282A96;
			productRefGroup = 7155881129AC544A00282A96 /* Products */;
			projectDirPath = "";
			projectRoot = "";
			targets = (
				7155880F29AC544A00282A96 /* FindPhone */,
				7155882029AC544E00282A96 /* FindPhoneTests */,
				7155882A29AC544F00282A96 /* FindPhoneUITests */,
			);
		};
/* End PBXProject section */

/* Begin PBXResourcesBuildPhase section */
		7155880E29AC544A00282A96 /* Resources */ = {
			isa = PBXResourcesBuildPhase;
			buildActionMask = 2147483647;
			files = (
				7155881B29AC544E00282A96 /* Preview Assets.xcassets in Resources */,
				7155881829AC544E00282A96 /* Assets.xcassets in Resources */,
			);
			runOnlyForDeploymentPostprocessing = 0;
		};
		7155881F29AC544E00282A96 /* Resources */ = {
			isa = PBXResourcesBuildPhase;
			buildActionMask = 2147483647;
			files = (
			);
			runOnlyForDeploymentPostprocessing = 0;
		};
		7155882929AC544F00282A96 /* Resources */ = {
			isa = PBXResourcesBuildPhase;
			buildActionMask = 2147483647;
			files = (
			);
			runOnlyForDeploymentPostprocessing = 0;
		};
/* End PBXResourcesBuildPhase section */

/* Begin PBXSourcesBuildPhase section */
		7155880C29AC544A00282A96 /* Sources */ = {
			isa = PBXSourcesBuildPhase;
			buildActionMask = 2147483647;
			files = (
				7155881629AC544A00282A96 /* ContentView.swift in Sources */,
				7155881429AC544A00282A96 /* FindPhoneApp.swift in Sources */,
			);
			runOnlyForDeploymentPostprocessing = 0;
		};
		7155881D29AC544E00282A96 /* Sources */ = {
			isa = PBXSourcesBuildPhase;
			buildActionMask = 2147483647;
			files = (
				7155882629AC544F00282A96 /* FindPhoneTests.swift in Sources */,
			);
			runOnlyForDeploymentPostprocessing = 0;
		};
		7155882729AC544F00282A96 /* Sources */ = {
			isa = PBXSourcesBuildPhase;
			buildActionMask = 2147483647;
			files = (
				7155883229AC544F00282A96 /* FindPhoneUITestsLaunchTests.swift in Sources */,
				7155883029AC544F00282A96 /* FindPhoneUITests.swift in Sources */,
			);
			runOnlyForDeploymentPostprocessing = 0;
		};
/* End PBXSourcesBuildPhase section */

/* Begin PBXTargetDependency section */
		7155882329AC544E00282A96 /* PBXTargetDependency */ = {
			isa = PBXTargetDependency;
			target = 7155880F29AC544A00282A96 /* FindPhone */;
			targetProxy = 7155882229AC544E00282A96 /* PBXContainerItemProxy */;
		};
		7155882D29AC544F00282A96 /* PBXTargetDependency */ = {
			isa = PBXTargetDependency;
			target = 7155880F29AC544A00282A96 /* FindPhone */;
			targetProxy = 7155882C29AC544F00282A96 /* PBXContainerItemProxy */;
		};
/* End PBXTargetDependency section */

/* Begin XCBuildConfiguration section */
		7155883329AC544F00282A96 /* Debug */ = {
			isa = XCBuildConfiguration;
			buildSettings = {
				ALWAYS_SEARCH_USER_PATHS = NO;
				CLANG_ANALYZER_NONNULL = YES;
				CLANG_ANALYZER_NUMBER_OBJECT_CONVERSION = YES_AGGRESSIVE;
				CLANG_CXX_LANGUAGE_STANDARD = "gnu++20";
				CLANG_ENABLE_MODULES = YES;
				CLANG_ENABLE_OBJC_ARC = YES;
				CLANG_ENABLE_OBJC_WEAK = YES;
				CLANG_WARN_BLOCK_CAPTURE_AUTORELEASING = YES;
				CLANG_WARN_BOOL_CONVERSION = YES;
				CLANG_WARN_COMMA = YES;
				CLANG_WARN_CONSTANT_CONVERSION = YES;
				CLANG_WARN_DEPRECATED_OBJC_IMPLEMENTATIONS = YES;
				CLANG_WARN_DIRECT_OBJC_ISA_USAGE = YES_ERROR;
				CLANG_WARN_DOCUMENTATION_COMMENTS = YES;
				CLANG_WARN_EMPTY_BODY = YES;
				CLANG_WARN_ENUM_CONVERSION = YES;
				CLANG_WARN_INFINITE_RECURSION = YES;
				CLANG_WARN_INT_CONVERSION = YES;
				CLANG_WARN_NON_LITERAL_NULL_CONVERSION = YES;
				CLANG_WARN_OBJC_IMPLICIT_RETAIN_SELF = YES;
				CLANG_WARN_OBJC_LITERAL_CONVERSION = YES;
				CLANG_WARN_OBJC_ROOT_CLASS = YES_ERROR;
				CLANG_WARN_QUOTED_INCLUDE_IN_FRAMEWORK_HEADER = YES;
				CLANG_WARN_RANGE_LOOP_ANALYSIS = YES;
				CLANG_WARN_STRICT_PROTOTYPES = YES;
				CLANG_WARN_SUSPICIOUS_MOVE = YES;
				CLANG_WARN_UNGUARDED_AVAILABILITY = YES_AGGRESSIVE;
				CLANG_WARN_UNREACHABLE_CODE = YES;
				CLANG_WARN__DUPLICATE_METHOD_MATCH = YES;
				COPY_PHASE_STRIP = NO;
				DEBUG_INFORMATION_FORMAT = dwarf;
				ENABLE_STRICT_OBJC_MSGSEND = YES;
				ENABLE_TESTABILITY = YES;
				GCC_C_LANGUAGE_STANDARD = gnu11;
				GCC_DYNAMIC_NO_PIC = NO;
				GCC_NO_COMMON_BLOCKS = YES;
				GCC_OPTIMIZATION_LEVEL = 0;
				GCC_PREPROCESSOR_DEFINITIONS = (
					"DEBUG=1",
					"$(inherited)",
				);
				GCC_WARN_64_TO_32_BIT_CONVERSION = YES;
				GCC_WARN_ABOUT_RETURN_TYPE = YES_ERROR;
				GCC_WARN_UNDECLARED_SELECTOR = YES;
				GCC_WARN_UNINITIALIZED_AUTOS = YES_AGGRESSIVE;
				GCC_WARN_UNUSED_FUNCTION = YES;
				GCC_WARN_UNUSED_VARIABLE = YES;
				MACOSX_DEPLOYMENT_TARGET = 12.5;
				MTL_ENABLE_DEBUG_INFO = INCLUDE_SOURCE;
				MTL_FAST_MATH = YES;
				ONLY_ACTIVE_ARCH = YES;
				SDKROOT = macosx;
				SWIFT_ACTIVE_COMPILATION_CONDITIONS = DEBUG;
				SWIFT_OPTIMIZATION_LEVEL = "-Onone";
			};
			name = Debug;
		};
		7155883429AC544F00282A96 /* Release */ = {
			isa = XCBuildConfiguration;
			buildSettings = {
				ALWAYS_SEARCH_USER_PATHS = NO;
				CLANG_ANALYZER_NONNULL = YES;
				CLANG_ANALYZER_NUMBER_OBJECT_CONVERSION = YES_AGGRESSIVE;
				CLANG_CXX_LANGUAGE_STANDARD = "gnu++20";
				CLANG_ENABLE_MODULES = YES;
				CLANG_ENABLE_OBJC_ARC = YES;
				CLANG_ENABLE_OBJC_WEAK = YES;
				CLANG_WARN_BLOCK_CAPTURE_AUTORELEASING = YES;
				CLANG_WARN_BOOL_CONVERSION = YES;
				CLANG_WARN_COMMA = YES;
				CLANG_WARN_CONSTANT_CONVERSION = YES;
				CLANG_WARN_DEPRECATED_OBJC_IMPLEMENTATIONS = YES;
				CLANG_WARN_DIRECT_OBJC_ISA_USAGE = YES_ERROR;
				CLANG_WARN_DOCUMENTATION_COMMENTS = YES;
				CLANG_WARN_EMPTY_BODY = YES;
				CLANG_WARN_ENUM_CONVERSION = YES;
				CLANG_WARN_INFINITE_RECURSION = YES;
				CLANG_WARN_INT_CONVERSION = YES;
				CLANG_WARN_NON_LITERAL_NULL_CONVERSION = YES;
				CLANG_WARN_OBJC_IMPLICIT_RETAIN_SELF = YES;
				CLANG_WARN_OBJC_LITERAL_CONVERSION = YES;
				CLANG_WARN_OBJC_ROOT_CLASS = YES_ERROR;
				CLANG_WARN_QUOTED_INCLUDE_IN_FRAMEWORK_HEADER = YES;
				CLANG_WARN_RANGE_LOOP_ANALYSIS = YES;
				CLANG_WARN_STRICT_PROTOTYPES = YES;
				CLANG_WARN_SUSPICIOUS_MOVE = YES;
				CLANG_WARN_UNGUARDED_AVAILABILITY = YES_AGGRESSIVE;
				CLANG_WARN_UNREACHABLE_CODE = YES;
				CLANG_WARN__DUPLICATE_METHOD_MATCH = YES;
				COPY_PHASE_STRIP = NO;
				DEBUG_INFORMATION_FORMAT = "dwarf-with-dsym";
				ENABLE_NS_ASSERTIONS = NO;
				ENABLE_STRICT_OBJC_MSGSEND = YES;
				GCC_C_LANGUAGE_STANDARD = gnu11;
				GCC_NO_COMMON_BLOCKS = YES;
				GCC_WARN_64_TO_32_BIT_CONVERSION = YES;
				GCC_WARN_ABOUT_RETURN_TYPE = YES_ERROR;
				GCC_WARN_UNDECLARED_SELECTOR = YES;
				GCC_WARN_UNINITIALIZED_AUTOS = YES_AGGRESSIVE;
				GCC_WARN_UNUSED_FUNCTION = YES;
				GCC_WARN_UNUSED_VARIABLE = YES;
				MACOSX_DEPLOYMENT_TARGET = 12.5;
				MTL_ENABLE_DEBUG_INFO = NO;
				MTL_FAST_MATH = YES;
				SDKROOT = macosx;
				SWIFT_COMPILATION_MODE = wholemodule;
				SWIFT_OPTIMIZATION_LEVEL = "-O";
			};
			name = Release;
		};
		7155883629AC544F00282A96 /* Debug */ = {
			isa = XCBuildConfiguration;
			buildSettings = {
				ASSETCATALOG_COMPILER_APPICON_NAME = AppIcon;
				ASSETCATALOG_COMPILER_GLOBAL_ACCENT_COLOR_NAME = AccentColor;
				CODE_SIGN_ENTITLEMENTS = FindPhone/FindPhone.entitlements;
				CODE_SIGN_STYLE = Automatic;
				COMBINE_HIDPI_IMAGES = YES;
				CURRENT_PROJECT_VERSION = 1;
				DEVELOPMENT_ASSET_PATHS = "\"FindPhone/Preview Content\"";
				DEVELOPMENT_TEAM = P2G4663W4N;
				ENABLE_HARDENED_RUNTIME = YES;
				ENABLE_PREVIEWS = YES;
				GENERATE_INFOPLIST_FILE = YES;
				INFOPLIST_KEY_NSHumanReadableCopyright = "";
				LD_RUNPATH_SEARCH_PATHS = (
					"$(inherited)",
					"@executable_path/../Frameworks",
				);
				MARKETING_VERSION = 1.0;
				PRODUCT_BUNDLE_IDENTIFIER = com.MinsuHan.FindPhone;
				PRODUCT_NAME = "$(TARGET_NAME)";
				SWIFT_EMIT_LOC_STRINGS = YES;
				SWIFT_VERSION = 5.0;
			};
			name = Debug;
		};
		7155883729AC544F00282A96 /* Release */ = {
			isa = XCBuildConfiguration;
			buildSettings = {
				ASSETCATALOG_COMPILER_APPICON_NAME = AppIcon;
				ASSETCATALOG_COMPILER_GLOBAL_ACCENT_COLOR_NAME = AccentColor;
				CODE_SIGN_ENTITLEMENTS = FindPhone/FindPhone.entitlements;
				CODE_SIGN_STYLE = Automatic;
				COMBINE_HIDPI_IMAGES = YES;
				CURRENT_PROJECT_VERSION = 1;
				DEVELOPMENT_ASSET_PATHS = "\"FindPhone/Preview Content\"";
				DEVELOPMENT_TEAM = P2G4663W4N;
				ENABLE_HARDENED_RUNTIME = YES;
				ENABLE_PREVIEWS = YES;
				GENERATE_INFOPLIST_FILE = YES;
				INFOPLIST_KEY_NSHumanReadableCopyright = "";
				LD_RUNPATH_SEARCH_PATHS = (
					"$(inherited)",
					"@executable_path/../Frameworks",
				);
				MARKETING_VERSION = 1.0;
				PRODUCT_BUNDLE_IDENTIFIER = com.MinsuHan.FindPhone;
				PRODUCT_NAME = "$(TARGET_NAME)";
				SWIFT_EMIT_LOC_STRINGS = YES;
				SWIFT_VERSION = 5.0;
			};
			name = Release;
		};
		7155883929AC544F00282A96 /* Debug */ = {
			isa = XCBuildConfiguration;
			buildSettings = {
				ALWAYS_EMBED_SWIFT_STANDARD_LIBRARIES = YES;
				BUNDLE_LOADER = "$(TEST_HOST)";
				CODE_SIGN_STYLE = Automatic;
				CURRENT_PROJECT_VERSION = 1;
				DEVELOPMENT_TEAM = P2G4663W4N;
				GENERATE_INFOPLIST_FILE = YES;
				MACOSX_DEPLOYMENT_TARGET = 12.5;
				MARKETING_VERSION = 1.0;
				PRODUCT_BUNDLE_IDENTIFIER = com.MinsuHan.FindPhoneTests;
				PRODUCT_NAME = "$(TARGET_NAME)";
				SWIFT_EMIT_LOC_STRINGS = NO;
				SWIFT_VERSION = 5.0;
				TEST_HOST = "$(BUILT_PRODUCTS_DIR)/FindPhone.app/$(BUNDLE_EXECUTABLE_FOLDER_PATH)/FindPhone";
			};
			name = Debug;
		};
		7155883A29AC544F00282A96 /* Release */ = {
			isa = XCBuildConfiguration;
			buildSettings = {
				ALWAYS_EMBED_SWIFT_STANDARD_LIBRARIES = YES;
				BUNDLE_LOADER = "$(TEST_HOST)";
				CODE_SIGN_STYLE = Automatic;
				CURRENT_PROJECT_VERSION = 1;
				DEVELOPMENT_TEAM = P2G4663W4N;
				GENERATE_INFOPLIST_FILE = YES;
				MACOSX_DEPLOYMENT_TARGET = 12.5;
				MARKETING_VERSION = 1.0;
				PRODUCT_BUNDLE_IDENTIFIER = com.MinsuHan.FindPhoneTests;
				PRODUCT_NAME = "$(TARGET_NAME)";
				SWIFT_EMIT_LOC_STRINGS = NO;
				SWIFT_VERSION = 5.0;
				TEST_HOST = "$(BUILT_PRODUCTS_DIR)/FindPhone.app/$(BUNDLE_EXECUTABLE_FOLDER_PATH)/FindPhone";
			};
			name = Release;
		};
		7155883C29AC544F00282A96 /* Debug */ = {
			isa = XCBuildConfiguration;
			buildSettings = {
				ALWAYS_EMBED_SWIFT_STANDARD_LIBRARIES = YES;
				CODE_SIGN_STYLE = Automatic;
				CURRENT_PROJECT_VERSION = 1;
				DEVELOPMENT_TEAM = P2G4663W4N;
				GENERATE_INFOPLIST_FILE = YES;
				MARKETING_VERSION = 1.0;
				PRODUCT_BUNDLE_IDENTIFIER = com.MinsuHan.FindPhoneUITests;
				PRODUCT_NAME = "$(TARGET_NAME)";
				SWIFT_EMIT_LOC_STRINGS = NO;
				SWIFT_VERSION = 5.0;
				TEST_TARGET_NAME = FindPhone;
			};
			name = Debug;
		};
		7155883D29AC544F00282A96 /* Release */ = {
			isa = XCBuildConfiguration;
			buildSettings = {
				ALWAYS_EMBED_SWIFT_STANDARD_LIBRARIES = YES;
				CODE_SIGN_STYLE = Automatic;
				CURRENT_PROJECT_VERSION = 1;
				DEVELOPMENT_TEAM = P2G4663W4N;
				GENERATE_INFOPLIST_FILE = YES;
				MARKETING_VERSION = 1.0;
				PRODUCT_BUNDLE_IDENTIFIER = com.MinsuHan.FindPhoneUITests;
				PRODUCT_NAME = "$(TARGET_NAME)";
				SWIFT_EMIT_LOC_STRINGS = NO;
				SWIFT_VERSION = 5.0;
				TEST_TARGET_NAME = FindPhone;
			};
			name = Release;
		};
/* End XCBuildConfiguration section */

/* Begin XCConfigurationList section */
		7155880B29AC544A00282A96 /* Build configuration list for PBXProject "FindPhone" */ = {
			isa = XCConfigurationList;
			buildConfigurations = (
				7155883329AC544F00282A96 /* Debug */,
				7155883429AC544F00282A96 /* Release */,
			);
			defaultConfigurationIsVisible = 0;
			defaultConfigurationName = Release;
		};
		7155883529AC544F00282A96 /* Build configuration list for PBXNativeTarget "FindPhone" */ = {
			isa = XCConfigurationList;
			buildConfigurations = (
				7155883629AC544F00282A96 /* Debug */,
				7155883729AC544F00282A96 /* Release */,
			);
			defaultConfigurationIsVisible = 0;
			defaultConfigurationName = Release;
		};
		7155883829AC544F00282A96 /* Build configuration list for PBXNativeTarget "FindPhoneTests" */ = {
			isa = XCConfigurationList;
			buildConfigurations = (
				7155883929AC544F00282A96 /* Debug */,
				7155883A29AC544F00282A96 /* Release */,
			);
			defaultConfigurationIsVisible = 0;
			defaultConfigurationName = Release;
		};
		7155883B29AC544F00282A96 /* Build configuration list for PBXNativeTarget "FindPhoneUITests" */ = {
			isa = XCConfigurationList;
			buildConfigurations = (
				7155883C29AC544F00282A96 /* Debug */,
				7155883D29AC544F00282A96 /* Release */,
			);
			defaultConfigurationIsVisible = 0;
			defaultConfigurationName = Release;
		};
/* End XCConfigurationList section */
	};
	rootObject = 7155880829AC544A00282A96 /* Project object */;
}
