// !$*UTF8*$!
{
	archiveVersion = 1;
	classes = {
	};
	objectVersion = 55;
	objects = {

/* Begin PBXBuildFile section */
		770F872428293E8000BF6B4D /* PhotoSoulApp.swift in Sources */ = {isa = PBXBuildFile; fileRef = 770F872328293E8000BF6B4D /* PhotoSoulApp.swift */; };
		770F872628293E8000BF6B4D /* ContentView.swift in Sources */ = {isa = PBXBuildFile; fileRef = 770F872528293E8000BF6B4D /* ContentView.swift */; };
		770F872828293E8900BF6B4D /* Assets.xcassets in Resources */ = {isa = PBXBuildFile; fileRef = 770F872728293E8900BF6B4D /* Assets.xcassets */; };
		770F872B28293E8900BF6B4D /* Preview Assets.xcassets in Resources */ = {isa = PBXBuildFile; fileRef = 770F872A28293E8900BF6B4D /* Preview Assets.xcassets */; };
		770F872D28293E8900BF6B4D /* Persistence.swift in Sources */ = {isa = PBXBuildFile; fileRef = 770F872C28293E8900BF6B4D /* Persistence.swift */; };
		770F873028293E8900BF6B4D /* PhotoSoul.xcdatamodeld in Sources */ = {isa = PBXBuildFile; fileRef = 770F872E28293E8900BF6B4D /* PhotoSoul.xcdatamodeld */; };
		770F873A28293E8900BF6B4D /* PhotoSoulTests.swift in Sources */ = {isa = PBXBuildFile; fileRef = 770F873928293E8900BF6B4D /* PhotoSoulTests.swift */; };
		770F874428293E8900BF6B4D /* PhotoSoulUITests.swift in Sources */ = {isa = PBXBuildFile; fileRef = 770F874328293E8900BF6B4D /* PhotoSoulUITests.swift */; };
		770F874628293E8900BF6B4D /* PhotoSoulUITestsLaunchTests.swift in Sources */ = {isa = PBXBuildFile; fileRef = 770F874528293E8900BF6B4D /* PhotoSoulUITestsLaunchTests.swift */; };
		77739F3828351E6100B6EC24 /* Daul.jpg in Resources */ = {isa = PBXBuildFile; fileRef = 77739F3628351E6100B6EC24 /* Daul.jpg */; };
		77739F3928351E6100B6EC24 /* Soul.jpg in Resources */ = {isa = PBXBuildFile; fileRef = 77739F3728351E6100B6EC24 /* Soul.jpg */; };
		77A7DD1C282D36C100FCA21B /* testComponent.swift in Sources */ = {isa = PBXBuildFile; fileRef = 77A7DD1B282D36C100FCA21B /* testComponent.swift */; };
		77A7DD20282D3DF100FCA21B /* pad.jpg in Resources */ = {isa = PBXBuildFile; fileRef = 77A7DD1F282D3DF100FCA21B /* pad.jpg */; };
/* End PBXBuildFile section */

/* Begin PBXContainerItemProxy section */
		770F873628293E8900BF6B4D /* PBXContainerItemProxy */ = {
			isa = PBXContainerItemProxy;
			containerPortal = 770F871828293E8000BF6B4D /* Project object */;
			proxyType = 1;
			remoteGlobalIDString = 770F871F28293E8000BF6B4D;
			remoteInfo = PhotoSoul;
		};
		770F874028293E8900BF6B4D /* PBXContainerItemProxy */ = {
			isa = PBXContainerItemProxy;
			containerPortal = 770F871828293E8000BF6B4D /* Project object */;
			proxyType = 1;
			remoteGlobalIDString = 770F871F28293E8000BF6B4D;
			remoteInfo = PhotoSoul;
		};
/* End PBXContainerItemProxy section */

/* Begin PBXFileReference section */
		770F872028293E8000BF6B4D /* PhotoSoul.app */ = {isa = PBXFileReference; explicitFileType = wrapper.application; includeInIndex = 0; path = PhotoSoul.app; sourceTree = BUILT_PRODUCTS_DIR; };
		770F872328293E8000BF6B4D /* PhotoSoulApp.swift */ = {isa = PBXFileReference; lastKnownFileType = sourcecode.swift; path = PhotoSoulApp.swift; sourceTree = "<group>"; };
		770F872528293E8000BF6B4D /* ContentView.swift */ = {isa = PBXFileReference; lastKnownFileType = sourcecode.swift; path = ContentView.swift; sourceTree = "<group>"; };
		770F872728293E8900BF6B4D /* Assets.xcassets */ = {isa = PBXFileReference; lastKnownFileType = folder.assetcatalog; path = Assets.xcassets; sourceTree = "<group>"; };
		770F872A28293E8900BF6B4D /* Preview Assets.xcassets */ = {isa = PBXFileReference; lastKnownFileType = folder.assetcatalog; path = "Preview Assets.xcassets"; sourceTree = "<group>"; };
		770F872C28293E8900BF6B4D /* Persistence.swift */ = {isa = PBXFileReference; lastKnownFileType = sourcecode.swift; path = Persistence.swift; sourceTree = "<group>"; };
		770F872F28293E8900BF6B4D /* PhotoSoul.xcdatamodel */ = {isa = PBXFileReference; lastKnownFileType = wrapper.xcdatamodel; path = PhotoSoul.xcdatamodel; sourceTree = "<group>"; };
		770F873528293E8900BF6B4D /* PhotoSoulTests.xctest */ = {isa = PBXFileReference; explicitFileType = wrapper.cfbundle; includeInIndex = 0; path = PhotoSoulTests.xctest; sourceTree = BUILT_PRODUCTS_DIR; };
		770F873928293E8900BF6B4D /* PhotoSoulTests.swift */ = {isa = PBXFileReference; lastKnownFileType = sourcecode.swift; path = PhotoSoulTests.swift; sourceTree = "<group>"; };
		770F873F28293E8900BF6B4D /* PhotoSoulUITests.xctest */ = {isa = PBXFileReference; explicitFileType = wrapper.cfbundle; includeInIndex = 0; path = PhotoSoulUITests.xctest; sourceTree = BUILT_PRODUCTS_DIR; };
		770F874328293E8900BF6B4D /* PhotoSoulUITests.swift */ = {isa = PBXFileReference; lastKnownFileType = sourcecode.swift; path = PhotoSoulUITests.swift; sourceTree = "<group>"; };
		770F874528293E8900BF6B4D /* PhotoSoulUITestsLaunchTests.swift */ = {isa = PBXFileReference; lastKnownFileType = sourcecode.swift; path = PhotoSoulUITestsLaunchTests.swift; sourceTree = "<group>"; };
		77739F3628351E6100B6EC24 /* Daul.jpg */ = {isa = PBXFileReference; lastKnownFileType = image.jpeg; path = Daul.jpg; sourceTree = "<group>"; };
		77739F3728351E6100B6EC24 /* Soul.jpg */ = {isa = PBXFileReference; lastKnownFileType = image.jpeg; path = Soul.jpg; sourceTree = "<group>"; };
		77A7DD1B282D36C100FCA21B /* testComponent.swift */ = {isa = PBXFileReference; lastKnownFileType = sourcecode.swift; path = testComponent.swift; sourceTree = "<group>"; };
		77A7DD1F282D3DF100FCA21B /* pad.jpg */ = {isa = PBXFileReference; lastKnownFileType = image.jpeg; path = pad.jpg; sourceTree = "<group>"; };
/* End PBXFileReference section */

/* Begin PBXFrameworksBuildPhase section */
		770F871D28293E8000BF6B4D /* Frameworks */ = {
			isa = PBXFrameworksBuildPhase;
			buildActionMask = 2147483647;
			files = (
			);
			runOnlyForDeploymentPostprocessing = 0;
		};
		770F873228293E8900BF6B4D /* Frameworks */ = {
			isa = PBXFrameworksBuildPhase;
			buildActionMask = 2147483647;
			files = (
			);
			runOnlyForDeploymentPostprocessing = 0;
		};
		770F873C28293E8900BF6B4D /* Frameworks */ = {
			isa = PBXFrameworksBuildPhase;
			buildActionMask = 2147483647;
			files = (
			);
			runOnlyForDeploymentPostprocessing = 0;
		};
/* End PBXFrameworksBuildPhase section */

/* Begin PBXGroup section */
		770F871728293E8000BF6B4D = {
			isa = PBXGroup;
			children = (
				77A7DD1E282D3DB700FCA21B /* Resource */,
				77A7DD1D282D3DAA00FCA21B /* View */,
				770F872228293E8000BF6B4D /* PhotoSoul */,
				770F873828293E8900BF6B4D /* PhotoSoulTests */,
				770F874228293E8900BF6B4D /* PhotoSoulUITests */,
				770F872128293E8000BF6B4D /* Products */,
			);
			sourceTree = "<group>";
		};
		770F872128293E8000BF6B4D /* Products */ = {
			isa = PBXGroup;
			children = (
				770F872028293E8000BF6B4D /* PhotoSoul.app */,
				770F873528293E8900BF6B4D /* PhotoSoulTests.xctest */,
				770F873F28293E8900BF6B4D /* PhotoSoulUITests.xctest */,
			);
			name = Products;
			sourceTree = "<group>";
		};
		770F872228293E8000BF6B4D /* PhotoSoul */ = {
			isa = PBXGroup;
			children = (
				770F872728293E8900BF6B4D /* Assets.xcassets */,
				770F872C28293E8900BF6B4D /* Persistence.swift */,
				770F872E28293E8900BF6B4D /* PhotoSoul.xcdatamodeld */,
				770F872928293E8900BF6B4D /* Preview Content */,
			);
			path = PhotoSoul;
			sourceTree = "<group>";
		};
		770F872928293E8900BF6B4D /* Preview Content */ = {
			isa = PBXGroup;
			children = (
				770F872A28293E8900BF6B4D /* Preview Assets.xcassets */,
			);
			path = "Preview Content";
			sourceTree = "<group>";
		};
		770F873828293E8900BF6B4D /* PhotoSoulTests */ = {
			isa = PBXGroup;
			children = (
				770F873928293E8900BF6B4D /* PhotoSoulTests.swift */,
			);
			path = PhotoSoulTests;
			sourceTree = "<group>";
		};
		770F874228293E8900BF6B4D /* PhotoSoulUITests */ = {
			isa = PBXGroup;
			children = (
				770F874328293E8900BF6B4D /* PhotoSoulUITests.swift */,
				770F874528293E8900BF6B4D /* PhotoSoulUITestsLaunchTests.swift */,
			);
			path = PhotoSoulUITests;
			sourceTree = "<group>";
		};
		77A7DD1D282D3DAA00FCA21B /* View */ = {
			isa = PBXGroup;
			children = (
				770F872528293E8000BF6B4D /* ContentView.swift */,
				77A7DD1B282D36C100FCA21B /* testComponent.swift */,
				770F872328293E8000BF6B4D /* PhotoSoulApp.swift */,
			);
			path = View;
			sourceTree = "<group>";
		};
		77A7DD1E282D3DB700FCA21B /* Resource */ = {
			isa = PBXGroup;
			children = (
				77739F3728351E6100B6EC24 /* Soul.jpg */,
				77739F3628351E6100B6EC24 /* Daul.jpg */,
				77A7DD1F282D3DF100FCA21B /* pad.jpg */,
			);
			path = Resource;
			sourceTree = "<group>";
		};
/* End PBXGroup section */

/* Begin PBXNativeTarget section */
		770F871F28293E8000BF6B4D /* PhotoSoul */ = {
			isa = PBXNativeTarget;
			buildConfigurationList = 770F874928293E8A00BF6B4D /* Build configuration list for PBXNativeTarget "PhotoSoul" */;
			buildPhases = (
				770F871C28293E8000BF6B4D /* Sources */,
				770F871D28293E8000BF6B4D /* Frameworks */,
				770F871E28293E8000BF6B4D /* Resources */,
			);
			buildRules = (
			);
			dependencies = (
			);
			name = PhotoSoul;
			productName = PhotoSoul;
			productReference = 770F872028293E8000BF6B4D /* PhotoSoul.app */;
			productType = "com.apple.product-type.application";
		};
		770F873428293E8900BF6B4D /* PhotoSoulTests */ = {
			isa = PBXNativeTarget;
			buildConfigurationList = 770F874C28293E8A00BF6B4D /* Build configuration list for PBXNativeTarget "PhotoSoulTests" */;
			buildPhases = (
				770F873128293E8900BF6B4D /* Sources */,
				770F873228293E8900BF6B4D /* Frameworks */,
				770F873328293E8900BF6B4D /* Resources */,
			);
			buildRules = (
			);
			dependencies = (
				770F873728293E8900BF6B4D /* PBXTargetDependency */,
			);
			name = PhotoSoulTests;
			productName = PhotoSoulTests;
			productReference = 770F873528293E8900BF6B4D /* PhotoSoulTests.xctest */;
			productType = "com.apple.product-type.bundle.unit-test";
		};
		770F873E28293E8900BF6B4D /* PhotoSoulUITests */ = {
			isa = PBXNativeTarget;
			buildConfigurationList = 770F874F28293E8A00BF6B4D /* Build configuration list for PBXNativeTarget "PhotoSoulUITests" */;
			buildPhases = (
				770F873B28293E8900BF6B4D /* Sources */,
				770F873C28293E8900BF6B4D /* Frameworks */,
				770F873D28293E8900BF6B4D /* Resources */,
			);
			buildRules = (
			);
			dependencies = (
				770F874128293E8900BF6B4D /* PBXTargetDependency */,
			);
			name = PhotoSoulUITests;
			productName = PhotoSoulUITests;
			productReference = 770F873F28293E8900BF6B4D /* PhotoSoulUITests.xctest */;
			productType = "com.apple.product-type.bundle.ui-testing";
		};
/* End PBXNativeTarget section */

/* Begin PBXProject section */
		770F871828293E8000BF6B4D /* Project object */ = {
			isa = PBXProject;
			attributes = {
				BuildIndependentTargetsInParallel = 1;
				LastSwiftUpdateCheck = 1310;
				LastUpgradeCheck = 1310;
				TargetAttributes = {
					770F871F28293E8000BF6B4D = {
						CreatedOnToolsVersion = 13.1;
					};
					770F873428293E8900BF6B4D = {
						CreatedOnToolsVersion = 13.1;
						TestTargetID = 770F871F28293E8000BF6B4D;
					};
					770F873E28293E8900BF6B4D = {
						CreatedOnToolsVersion = 13.1;
						TestTargetID = 770F871F28293E8000BF6B4D;
					};
				};
			};
			buildConfigurationList = 770F871B28293E8000BF6B4D /* Build configuration list for PBXProject "PhotoSoul" */;
			compatibilityVersion = "Xcode 13.0";
			developmentRegion = en;
			hasScannedForEncodings = 0;
			knownRegions = (
				en,
				Base,
			);
			mainGroup = 770F871728293E8000BF6B4D;
			productRefGroup = 770F872128293E8000BF6B4D /* Products */;
			projectDirPath = "";
			projectRoot = "";
			targets = (
				770F871F28293E8000BF6B4D /* PhotoSoul */,
				770F873428293E8900BF6B4D /* PhotoSoulTests */,
				770F873E28293E8900BF6B4D /* PhotoSoulUITests */,
			);
		};
/* End PBXProject section */

/* Begin PBXResourcesBuildPhase section */
		770F871E28293E8000BF6B4D /* Resources */ = {
			isa = PBXResourcesBuildPhase;
			buildActionMask = 2147483647;
			files = (
				77A7DD20282D3DF100FCA21B /* pad.jpg in Resources */,
				770F872B28293E8900BF6B4D /* Preview Assets.xcassets in Resources */,
				770F872828293E8900BF6B4D /* Assets.xcassets in Resources */,
				77739F3928351E6100B6EC24 /* Soul.jpg in Resources */,
				77739F3828351E6100B6EC24 /* Daul.jpg in Resources */,
			);
			runOnlyForDeploymentPostprocessing = 0;
		};
		770F873328293E8900BF6B4D /* Resources */ = {
			isa = PBXResourcesBuildPhase;
			buildActionMask = 2147483647;
			files = (
			);
			runOnlyForDeploymentPostprocessing = 0;
		};
		770F873D28293E8900BF6B4D /* Resources */ = {
			isa = PBXResourcesBuildPhase;
			buildActionMask = 2147483647;
			files = (
			);
			runOnlyForDeploymentPostprocessing = 0;
		};
/* End PBXResourcesBuildPhase section */

/* Begin PBXSourcesBuildPhase section */
		770F871C28293E8000BF6B4D /* Sources */ = {
			isa = PBXSourcesBuildPhase;
			buildActionMask = 2147483647;
			files = (
				770F872D28293E8900BF6B4D /* Persistence.swift in Sources */,
				77A7DD1C282D36C100FCA21B /* testComponent.swift in Sources */,
				770F872628293E8000BF6B4D /* ContentView.swift in Sources */,
				770F872428293E8000BF6B4D /* PhotoSoulApp.swift in Sources */,
				770F873028293E8900BF6B4D /* PhotoSoul.xcdatamodeld in Sources */,
			);
			runOnlyForDeploymentPostprocessing = 0;
		};
		770F873128293E8900BF6B4D /* Sources */ = {
			isa = PBXSourcesBuildPhase;
			buildActionMask = 2147483647;
			files = (
				770F873A28293E8900BF6B4D /* PhotoSoulTests.swift in Sources */,
			);
			runOnlyForDeploymentPostprocessing = 0;
		};
		770F873B28293E8900BF6B4D /* Sources */ = {
			isa = PBXSourcesBuildPhase;
			buildActionMask = 2147483647;
			files = (
				770F874628293E8900BF6B4D /* PhotoSoulUITestsLaunchTests.swift in Sources */,
				770F874428293E8900BF6B4D /* PhotoSoulUITests.swift in Sources */,
			);
			runOnlyForDeploymentPostprocessing = 0;
		};
/* End PBXSourcesBuildPhase section */

/* Begin PBXTargetDependency section */
		770F873728293E8900BF6B4D /* PBXTargetDependency */ = {
			isa = PBXTargetDependency;
			target = 770F871F28293E8000BF6B4D /* PhotoSoul */;
			targetProxy = 770F873628293E8900BF6B4D /* PBXContainerItemProxy */;
		};
		770F874128293E8900BF6B4D /* PBXTargetDependency */ = {
			isa = PBXTargetDependency;
			target = 770F871F28293E8000BF6B4D /* PhotoSoul */;
			targetProxy = 770F874028293E8900BF6B4D /* PBXContainerItemProxy */;
		};
/* End PBXTargetDependency section */

/* Begin XCBuildConfiguration section */
		770F874728293E8A00BF6B4D /* Debug */ = {
			isa = XCBuildConfiguration;
			buildSettings = {
				ALWAYS_SEARCH_USER_PATHS = NO;
				CLANG_ANALYZER_NONNULL = YES;
				CLANG_ANALYZER_NUMBER_OBJECT_CONVERSION = YES_AGGRESSIVE;
				CLANG_CXX_LANGUAGE_STANDARD = "gnu++17";
				CLANG_CXX_LIBRARY = "libc++";
				CLANG_ENABLE_MODULES = YES;
				CLANG_ENABLE_OBJC_ARC = YES;
				CLANG_ENABLE_OBJC_WEAK = YES;
				CLANG_WARN_BLOCK_CAPTURE_AUTORELEASING = YES;
				CLANG_WARN_BOOL_CONVERSION = YES;
				CLANG_WARN_COMMA = YES;
				CLANG_WARN_CONSTANT_CONVERSION = YES;
				CLANG_WARN_DEPRECATED_OBJC_IMPLEMENTATIONS = YES;
				CLANG_WARN_DIRECT_OBJC_ISA_USAGE = YES_ERROR;
				CLANG_WARN_DOCUMENTATION_COMMENTS = YES;
				CLANG_WARN_EMPTY_BODY = YES;
				CLANG_WARN_ENUM_CONVERSION = YES;
				CLANG_WARN_INFINITE_RECURSION = YES;
				CLANG_WARN_INT_CONVERSION = YES;
				CLANG_WARN_NON_LITERAL_NULL_CONVERSION = YES;
				CLANG_WARN_OBJC_IMPLICIT_RETAIN_SELF = YES;
				CLANG_WARN_OBJC_LITERAL_CONVERSION = YES;
				CLANG_WARN_OBJC_ROOT_CLASS = YES_ERROR;
				CLANG_WARN_QUOTED_INCLUDE_IN_FRAMEWORK_HEADER = YES;
				CLANG_WARN_RANGE_LOOP_ANALYSIS = YES;
				CLANG_WARN_STRICT_PROTOTYPES = YES;
				CLANG_WARN_SUSPICIOUS_MOVE = YES;
				CLANG_WARN_UNGUARDED_AVAILABILITY = YES_AGGRESSIVE;
				CLANG_WARN_UNREACHABLE_CODE = YES;
				CLANG_WARN__DUPLICATE_METHOD_MATCH = YES;
				COPY_PHASE_STRIP = NO;
				DEBUG_INFORMATION_FORMAT = dwarf;
				ENABLE_STRICT_OBJC_MSGSEND = YES;
				ENABLE_TESTABILITY = YES;
				GCC_C_LANGUAGE_STANDARD = gnu11;
				GCC_DYNAMIC_NO_PIC = NO;
				GCC_NO_COMMON_BLOCKS = YES;
				GCC_OPTIMIZATION_LEVEL = 0;
				GCC_PREPROCESSOR_DEFINITIONS = (
					"DEBUG=1",
					"$(inherited)",
				);
				GCC_WARN_64_TO_32_BIT_CONVERSION = YES;
				GCC_WARN_ABOUT_RETURN_TYPE = YES_ERROR;
				GCC_WARN_UNDECLARED_SELECTOR = YES;
				GCC_WARN_UNINITIALIZED_AUTOS = YES_AGGRESSIVE;
				GCC_WARN_UNUSED_FUNCTION = YES;
				GCC_WARN_UNUSED_VARIABLE = YES;
				IPHONEOS_DEPLOYMENT_TARGET = 15.0;
				MTL_ENABLE_DEBUG_INFO = INCLUDE_SOURCE;
				MTL_FAST_MATH = YES;
				ONLY_ACTIVE_ARCH = YES;
				SDKROOT = iphoneos;
				SWIFT_ACTIVE_COMPILATION_CONDITIONS = DEBUG;
				SWIFT_OPTIMIZATION_LEVEL = "-Onone";
			};
			name = Debug;
		};
		770F874828293E8A00BF6B4D /* Release */ = {
			isa = XCBuildConfiguration;
			buildSettings = {
				ALWAYS_SEARCH_USER_PATHS = NO;
				CLANG_ANALYZER_NONNULL = YES;
				CLANG_ANALYZER_NUMBER_OBJECT_CONVERSION = YES_AGGRESSIVE;
				CLANG_CXX_LANGUAGE_STANDARD = "gnu++17";
				CLANG_CXX_LIBRARY = "libc++";
				CLANG_ENABLE_MODULES = YES;
				CLANG_ENABLE_OBJC_ARC = YES;
				CLANG_ENABLE_OBJC_WEAK = YES;
				CLANG_WARN_BLOCK_CAPTURE_AUTORELEASING = YES;
				CLANG_WARN_BOOL_CONVERSION = YES;
				CLANG_WARN_COMMA = YES;
				CLANG_WARN_CONSTANT_CONVERSION = YES;
				CLANG_WARN_DEPRECATED_OBJC_IMPLEMENTATIONS = YES;
				CLANG_WARN_DIRECT_OBJC_ISA_USAGE = YES_ERROR;
				CLANG_WARN_DOCUMENTATION_COMMENTS = YES;
				CLANG_WARN_EMPTY_BODY = YES;
				CLANG_WARN_ENUM_CONVERSION = YES;
				CLANG_WARN_INFINITE_RECURSION = YES;
				CLANG_WARN_INT_CONVERSION = YES;
				CLANG_WARN_NON_LITERAL_NULL_CONVERSION = YES;
				CLANG_WARN_OBJC_IMPLICIT_RETAIN_SELF = YES;
				CLANG_WARN_OBJC_LITERAL_CONVERSION = YES;
				CLANG_WARN_OBJC_ROOT_CLASS = YES_ERROR;
				CLANG_WARN_QUOTED_INCLUDE_IN_FRAMEWORK_HEADER = YES;
				CLANG_WARN_RANGE_LOOP_ANALYSIS = YES;
				CLANG_WARN_STRICT_PROTOTYPES = YES;
				CLANG_WARN_SUSPICIOUS_MOVE = YES;
				CLANG_WARN_UNGUARDED_AVAILABILITY = YES_AGGRESSIVE;
				CLANG_WARN_UNREACHABLE_CODE = YES;
				CLANG_WARN__DUPLICATE_METHOD_MATCH = YES;
				COPY_PHASE_STRIP = NO;
				DEBUG_INFORMATION_FORMAT = "dwarf-with-dsym";
				ENABLE_NS_ASSERTIONS = NO;
				ENABLE_STRICT_OBJC_MSGSEND = YES;
				GCC_C_LANGUAGE_STANDARD = gnu11;
				GCC_NO_COMMON_BLOCKS = YES;
				GCC_WARN_64_TO_32_BIT_CONVERSION = YES;
				GCC_WARN_ABOUT_RETURN_TYPE = YES_ERROR;
				GCC_WARN_UNDECLARED_SELECTOR = YES;
				GCC_WARN_UNINITIALIZED_AUTOS = YES_AGGRESSIVE;
				GCC_WARN_UNUSED_FUNCTION = YES;
				GCC_WARN_UNUSED_VARIABLE = YES;
				IPHONEOS_DEPLOYMENT_TARGET = 15.0;
				MTL_ENABLE_DEBUG_INFO = NO;
				MTL_FAST_MATH = YES;
				SDKROOT = iphoneos;
				SWIFT_COMPILATION_MODE = wholemodule;
				SWIFT_OPTIMIZATION_LEVEL = "-O";
				VALIDATE_PRODUCT = YES;
			};
			name = Release;
		};
		770F874A28293E8A00BF6B4D /* Debug */ = {
			isa = XCBuildConfiguration;
			buildSettings = {
				ASSETCATALOG_COMPILER_APPICON_NAME = AppIcon;
				ASSETCATALOG_COMPILER_GLOBAL_ACCENT_COLOR_NAME = AccentColor;
				CODE_SIGN_STYLE = Automatic;
				CURRENT_PROJECT_VERSION = 1;
				DEVELOPMENT_ASSET_PATHS = "\"PhotoSoul/Preview Content\"";
				DEVELOPMENT_TEAM = P2G4663W4N;
				ENABLE_PREVIEWS = YES;
				GENERATE_INFOPLIST_FILE = YES;
				INFOPLIST_KEY_UIApplicationSceneManifest_Generation = YES;
				INFOPLIST_KEY_UIApplicationSupportsIndirectInputEvents = YES;
				INFOPLIST_KEY_UILaunchScreen_Generation = YES;
				INFOPLIST_KEY_UISupportedInterfaceOrientations_iPad = "UIInterfaceOrientationPortrait UIInterfaceOrientationPortraitUpsideDown UIInterfaceOrientationLandscapeLeft UIInterfaceOrientationLandscapeRight";
				INFOPLIST_KEY_UISupportedInterfaceOrientations_iPhone = "UIInterfaceOrientationPortrait UIInterfaceOrientationLandscapeLeft UIInterfaceOrientationLandscapeRight";
				LD_RUNPATH_SEARCH_PATHS = (
					"$(inherited)",
					"@executable_path/Frameworks",
				);
				MARKETING_VERSION = 1.0;
				PRODUCT_BUNDLE_IDENTIFIER = com.Minsu.PhotoSoul;
				PRODUCT_NAME = "$(TARGET_NAME)";
				SWIFT_EMIT_LOC_STRINGS = YES;
				SWIFT_VERSION = 5.0;
				TARGETED_DEVICE_FAMILY = "1,2";
			};
			name = Debug;
		};
		770F874B28293E8A00BF6B4D /* Release */ = {
			isa = XCBuildConfiguration;
			buildSettings = {
				ASSETCATALOG_COMPILER_APPICON_NAME = AppIcon;
				ASSETCATALOG_COMPILER_GLOBAL_ACCENT_COLOR_NAME = AccentColor;
				CODE_SIGN_STYLE = Automatic;
				CURRENT_PROJECT_VERSION = 1;
				DEVELOPMENT_ASSET_PATHS = "\"PhotoSoul/Preview Content\"";
				DEVELOPMENT_TEAM = P2G4663W4N;
				ENABLE_PREVIEWS = YES;
				GENERATE_INFOPLIST_FILE = YES;
				INFOPLIST_KEY_UIApplicationSceneManifest_Generation = YES;
				INFOPLIST_KEY_UIApplicationSupportsIndirectInputEvents = YES;
				INFOPLIST_KEY_UILaunchScreen_Generation = YES;
				INFOPLIST_KEY_UISupportedInterfaceOrientations_iPad = "UIInterfaceOrientationPortrait UIInterfaceOrientationPortraitUpsideDown UIInterfaceOrientationLandscapeLeft UIInterfaceOrientationLandscapeRight";
				INFOPLIST_KEY_UISupportedInterfaceOrientations_iPhone = "UIInterfaceOrientationPortrait UIInterfaceOrientationLandscapeLeft UIInterfaceOrientationLandscapeRight";
				LD_RUNPATH_SEARCH_PATHS = (
					"$(inherited)",
					"@executable_path/Frameworks",
				);
				MARKETING_VERSION = 1.0;
				PRODUCT_BUNDLE_IDENTIFIER = com.Minsu.PhotoSoul;
				PRODUCT_NAME = "$(TARGET_NAME)";
				SWIFT_EMIT_LOC_STRINGS = YES;
				SWIFT_VERSION = 5.0;
				TARGETED_DEVICE_FAMILY = "1,2";
			};
			name = Release;
		};
		770F874D28293E8A00BF6B4D /* Debug */ = {
			isa = XCBuildConfiguration;
			buildSettings = {
				ALWAYS_EMBED_SWIFT_STANDARD_LIBRARIES = YES;
				BUNDLE_LOADER = "$(TEST_HOST)";
				CODE_SIGN_STYLE = Automatic;
				CURRENT_PROJECT_VERSION = 1;
				DEVELOPMENT_TEAM = P2G4663W4N;
				GENERATE_INFOPLIST_FILE = YES;
				IPHONEOS_DEPLOYMENT_TARGET = 15.0;
				LD_RUNPATH_SEARCH_PATHS = (
					"$(inherited)",
					"@executable_path/Frameworks",
					"@loader_path/Frameworks",
				);
				MARKETING_VERSION = 1.0;
				PRODUCT_BUNDLE_IDENTIFIER = com.Minsu.PhotoSoulTests;
				PRODUCT_NAME = "$(TARGET_NAME)";
				SWIFT_EMIT_LOC_STRINGS = NO;
				SWIFT_VERSION = 5.0;
				TARGETED_DEVICE_FAMILY = "1,2";
				TEST_HOST = "$(BUILT_PRODUCTS_DIR)/PhotoSoul.app/PhotoSoul";
			};
			name = Debug;
		};
		770F874E28293E8A00BF6B4D /* Release */ = {
			isa = XCBuildConfiguration;
			buildSettings = {
				ALWAYS_EMBED_SWIFT_STANDARD_LIBRARIES = YES;
				BUNDLE_LOADER = "$(TEST_HOST)";
				CODE_SIGN_STYLE = Automatic;
				CURRENT_PROJECT_VERSION = 1;
				DEVELOPMENT_TEAM = P2G4663W4N;
				GENERATE_INFOPLIST_FILE = YES;
				IPHONEOS_DEPLOYMENT_TARGET = 15.0;
				LD_RUNPATH_SEARCH_PATHS = (
					"$(inherited)",
					"@executable_path/Frameworks",
					"@loader_path/Frameworks",
				);
				MARKETING_VERSION = 1.0;
				PRODUCT_BUNDLE_IDENTIFIER = com.Minsu.PhotoSoulTests;
				PRODUCT_NAME = "$(TARGET_NAME)";
				SWIFT_EMIT_LOC_STRINGS = NO;
				SWIFT_VERSION = 5.0;
				TARGETED_DEVICE_FAMILY = "1,2";
				TEST_HOST = "$(BUILT_PRODUCTS_DIR)/PhotoSoul.app/PhotoSoul";
			};
			name = Release;
		};
		770F875028293E8A00BF6B4D /* Debug */ = {
			isa = XCBuildConfiguration;
			buildSettings = {
				ALWAYS_EMBED_SWIFT_STANDARD_LIBRARIES = YES;
				CODE_SIGN_STYLE = Automatic;
				CURRENT_PROJECT_VERSION = 1;
				DEVELOPMENT_TEAM = P2G4663W4N;
				GENERATE_INFOPLIST_FILE = YES;
				LD_RUNPATH_SEARCH_PATHS = (
					"$(inherited)",
					"@executable_path/Frameworks",
					"@loader_path/Frameworks",
				);
				MARKETING_VERSION = 1.0;
				PRODUCT_BUNDLE_IDENTIFIER = com.Minsu.PhotoSoulUITests;
				PRODUCT_NAME = "$(TARGET_NAME)";
				SWIFT_EMIT_LOC_STRINGS = NO;
				SWIFT_VERSION = 5.0;
				TARGETED_DEVICE_FAMILY = "1,2";
				TEST_TARGET_NAME = PhotoSoul;
			};
			name = Debug;
		};
		770F875128293E8A00BF6B4D /* Release */ = {
			isa = XCBuildConfiguration;
			buildSettings = {
				ALWAYS_EMBED_SWIFT_STANDARD_LIBRARIES = YES;
				CODE_SIGN_STYLE = Automatic;
				CURRENT_PROJECT_VERSION = 1;
				DEVELOPMENT_TEAM = P2G4663W4N;
				GENERATE_INFOPLIST_FILE = YES;
				LD_RUNPATH_SEARCH_PATHS = (
					"$(inherited)",
					"@executable_path/Frameworks",
					"@loader_path/Frameworks",
				);
				MARKETING_VERSION = 1.0;
				PRODUCT_BUNDLE_IDENTIFIER = com.Minsu.PhotoSoulUITests;
				PRODUCT_NAME = "$(TARGET_NAME)";
				SWIFT_EMIT_LOC_STRINGS = NO;
				SWIFT_VERSION = 5.0;
				TARGETED_DEVICE_FAMILY = "1,2";
				TEST_TARGET_NAME = PhotoSoul;
			};
			name = Release;
		};
/* End XCBuildConfiguration section */

/* Begin XCConfigurationList section */
		770F871B28293E8000BF6B4D /* Build configuration list for PBXProject "PhotoSoul" */ = {
			isa = XCConfigurationList;
			buildConfigurations = (
				770F874728293E8A00BF6B4D /* Debug */,
				770F874828293E8A00BF6B4D /* Release */,
			);
			defaultConfigurationIsVisible = 0;
			defaultConfigurationName = Release;
		};
		770F874928293E8A00BF6B4D /* Build configuration list for PBXNativeTarget "PhotoSoul" */ = {
			isa = XCConfigurationList;
			buildConfigurations = (
				770F874A28293E8A00BF6B4D /* Debug */,
				770F874B28293E8A00BF6B4D /* Release */,
			);
			defaultConfigurationIsVisible = 0;
			defaultConfigurationName = Release;
		};
		770F874C28293E8A00BF6B4D /* Build configuration list for PBXNativeTarget "PhotoSoulTests" */ = {
			isa = XCConfigurationList;
			buildConfigurations = (
				770F874D28293E8A00BF6B4D /* Debug */,
				770F874E28293E8A00BF6B4D /* Release */,
			);
			defaultConfigurationIsVisible = 0;
			defaultConfigurationName = Release;
		};
		770F874F28293E8A00BF6B4D /* Build configuration list for PBXNativeTarget "PhotoSoulUITests" */ = {
			isa = XCConfigurationList;
			buildConfigurations = (
				770F875028293E8A00BF6B4D /* Debug */,
				770F875128293E8A00BF6B4D /* Release */,
			);
			defaultConfigurationIsVisible = 0;
			defaultConfigurationName = Release;
		};
/* End XCConfigurationList section */

/* Begin XCVersionGroup section */
		770F872E28293E8900BF6B4D /* PhotoSoul.xcdatamodeld */ = {
			isa = XCVersionGroup;
			children = (
				770F872F28293E8900BF6B4D /* PhotoSoul.xcdatamodel */,
			);
			currentVersion = 770F872F28293E8900BF6B4D /* PhotoSoul.xcdatamodel */;
			path = PhotoSoul.xcdatamodeld;
			sourceTree = "<group>";
			versionGroupType = wrapper.xcdatamodel;
		};
/* End XCVersionGroup section */
	};
	rootObject = 770F871828293E8000BF6B4D /* Project object */;
}
